// !$*UTF8*$!
{
	archiveVersion = 1;
	classes = {
	};
	objectVersion = 77;
	objects = {

/* Begin PBXBuildFile section */
		5A6AAB4E2DDEFCDB00C3ADED /* DateRange.swift in Sources */ = {isa = PBXBuildFile; fileRef = 5A6AAB4D2DDEFCD300C3ADED /* DateRange.swift */; };
		5AC95E4E2DAF64A7000B34AE /* LinkKit in Frameworks */ = {isa = PBXBuildFile; productRef = 5AC95E4D2DAF64A7000B34AE /* LinkKit */; };
		5AC95E522DAF6539000B34AE /* MockData.swift in Sources */ = {isa = PBXBuildFile; fileRef = 5AC95E512DAF6534000B34AE /* MockData.swift */; };
		5AC95E552DAF6CF4000B34AE /* LinkViewController.swift in Sources */ = {isa = PBXBuildFile; fileRef = 5AC95E542DAF6CF1000B34AE /* LinkViewController.swift */; };
		5AC95E572DAF6F9B000B34AE /* PlaidLinkView.swift in Sources */ = {isa = PBXBuildFile; fileRef = 5AC95E562DAF6F99000B34AE /* PlaidLinkView.swift */; };
		5AD22E702DB0CC4A00F28417 /* PlaidTransaction.swift in Sources */ = {isa = PBXBuildFile; fileRef = 5AD22E6F2DB0CC4700F28417 /* PlaidTransaction.swift */; };
		5AD22E722DB20EAA00F28417 /* SpendingChartView.swift in Sources */ = {isa = PBXBuildFile; fileRef = 5AD22E712DB20E9A00F28417 /* SpendingChartView.swift */; };
		5AD22E742DB212AE00F28417 /* SpendingComparisonView.swift in Sources */ = {isa = PBXBuildFile; fileRef = 5AD22E732DB212A200F28417 /* SpendingComparisonView.swift */; };
		5AD22E762DB215B000F28417 /* GoogleService-Info.plist in Resources */ = {isa = PBXBuildFile; fileRef = 5AD22E752DB215B000F28417 /* GoogleService-Info.plist */; };
		5AD22E832DB2178F00F28417 /* AuthenticationView.swift in Sources */ = {isa = PBXBuildFile; fileRef = 5AD22E822DB2178600F28417 /* AuthenticationView.swift */; };
		5AD22E862DB21A4E00F28417 /* FirebaseAuth in Frameworks */ = {isa = PBXBuildFile; productRef = 5AD22E852DB21A4E00F28417 /* FirebaseAuth */; };
		5AD22E882DB21A4E00F28417 /* FirebaseCore in Frameworks */ = {isa = PBXBuildFile; productRef = 5AD22E872DB21A4E00F28417 /* FirebaseCore */; };
		5AD22E8A2DB21B8000F28417 /* AppDelegate.swift in Sources */ = {isa = PBXBuildFile; fileRef = 5AD22E892DB21B7900F28417 /* AppDelegate.swift */; };
		5AD22E8C2DB21BAD00F28417 /* AuthStateObserver.swift in Sources */ = {isa = PBXBuildFile; fileRef = 5AD22E8B2DB21B9E00F28417 /* AuthStateObserver.swift */; };
		5AD22E8E2DB21BCB00F28417 /* RootView.swift in Sources */ = {isa = PBXBuildFile; fileRef = 5AD22E8D2DB21BC700F28417 /* RootView.swift */; };
		5AD22E902DB3579B00F28417 /* MainTabView.swift in Sources */ = {isa = PBXBuildFile; fileRef = 5AD22E8F2DB3579500F28417 /* MainTabView.swift */; };
		5AD22E922DB357CF00F28417 /* SettingsView.swift in Sources */ = {isa = PBXBuildFile; fileRef = 5AD22E912DB357C900F28417 /* SettingsView.swift */; };
		5AD22E942DB35C1800F28417 /* FirebaseFirestore in Frameworks */ = {isa = PBXBuildFile; productRef = 5AD22E932DB35C1800F28417 /* FirebaseFirestore */; };
		5AD22E982DB5DC8D00F28417 /* FirebaseFunctions in Frameworks */ = {isa = PBXBuildFile; productRef = 5AD22E972DB5DC8D00F28417 /* FirebaseFunctions */; };
		5AD22E9A2DB5E94E00F28417 /* BankAccountsViewModel.swift in Sources */ = {isa = PBXBuildFile; fileRef = 5AD22E992DB5E93200F28417 /* BankAccountsViewModel.swift */; };
		5AD22E9C2DB5E95B00F28417 /* BankAccount.swift in Sources */ = {isa = PBXBuildFile; fileRef = 5AD22E9B2DB5E95400F28417 /* BankAccount.swift */; };
		5AD22E9E2DB9F42C00F28417 /* TransactionRowView.swift in Sources */ = {isa = PBXBuildFile; fileRef = 5AD22E9D2DB9F42100F28417 /* TransactionRowView.swift */; };
		5AD22EA02DBA029800F28417 /* InsightsView.swift in Sources */ = {isa = PBXBuildFile; fileRef = 5AD22E9F2DBA029300F28417 /* InsightsView.swift */; };
		5AD22EA22DBD54B200F28417 /* Constants.swift in Sources */ = {isa = PBXBuildFile; fileRef = 5AD22EA12DBD54A900F28417 /* Constants.swift */; };
/* End PBXBuildFile section */

/* Begin PBXContainerItemProxy section */
		5AC95E302DAF626C000B34AE /* PBXContainerItemProxy */ = {
			isa = PBXContainerItemProxy;
			containerPortal = 5AC95E162DAF6267000B34AE /* Project object */;
			proxyType = 1;
			remoteGlobalIDString = 5AC95E1D2DAF6267000B34AE;
			remoteInfo = FinanceTracker;
		};
		5AC95E3A2DAF626C000B34AE /* PBXContainerItemProxy */ = {
			isa = PBXContainerItemProxy;
			containerPortal = 5AC95E162DAF6267000B34AE /* Project object */;
			proxyType = 1;
			remoteGlobalIDString = 5AC95E1D2DAF6267000B34AE;
			remoteInfo = FinanceTracker;
		};
/* End PBXContainerItemProxy section */

/* Begin PBXFileReference section */
		5A6AAB4D2DDEFCD300C3ADED /* DateRange.swift */ = {isa = PBXFileReference; lastKnownFileType = sourcecode.swift; path = DateRange.swift; sourceTree = "<group>"; };
		5AC95E1E2DAF6267000B34AE /* FinanceTracker.app */ = {isa = PBXFileReference; explicitFileType = wrapper.application; includeInIndex = 0; path = FinanceTracker.app; sourceTree = BUILT_PRODUCTS_DIR; };
		5AC95E2F2DAF626C000B34AE /* FinanceTrackerTests.xctest */ = {isa = PBXFileReference; explicitFileType = wrapper.cfbundle; includeInIndex = 0; path = FinanceTrackerTests.xctest; sourceTree = BUILT_PRODUCTS_DIR; };
		5AC95E392DAF626C000B34AE /* FinanceTrackerUITests.xctest */ = {isa = PBXFileReference; explicitFileType = wrapper.cfbundle; includeInIndex = 0; path = FinanceTrackerUITests.xctest; sourceTree = BUILT_PRODUCTS_DIR; };
		5AC95E512DAF6534000B34AE /* MockData.swift */ = {isa = PBXFileReference; lastKnownFileType = sourcecode.swift; path = MockData.swift; sourceTree = "<group>"; };
		5AC95E542DAF6CF1000B34AE /* LinkViewController.swift */ = {isa = PBXFileReference; lastKnownFileType = sourcecode.swift; path = LinkViewController.swift; sourceTree = "<group>"; };
		5AC95E562DAF6F99000B34AE /* PlaidLinkView.swift */ = {isa = PBXFileReference; lastKnownFileType = sourcecode.swift; path = PlaidLinkView.swift; sourceTree = "<group>"; };
		5AD22E6F2DB0CC4700F28417 /* PlaidTransaction.swift */ = {isa = PBXFileReference; lastKnownFileType = sourcecode.swift; path = PlaidTransaction.swift; sourceTree = "<group>"; };
		5AD22E712DB20E9A00F28417 /* SpendingChartView.swift */ = {isa = PBXFileReference; lastKnownFileType = sourcecode.swift; path = SpendingChartView.swift; sourceTree = "<group>"; };
		5AD22E732DB212A200F28417 /* SpendingComparisonView.swift */ = {isa = PBXFileReference; lastKnownFileType = sourcecode.swift; path = SpendingComparisonView.swift; sourceTree = "<group>"; };
		5AD22E752DB215B000F28417 /* GoogleService-Info.plist */ = {isa = PBXFileReference; lastKnownFileType = text.plist.xml; path = "GoogleService-Info.plist"; sourceTree = "<group>"; };
		5AD22E822DB2178600F28417 /* AuthenticationView.swift */ = {isa = PBXFileReference; lastKnownFileType = sourcecode.swift; path = AuthenticationView.swift; sourceTree = "<group>"; };
		5AD22E892DB21B7900F28417 /* AppDelegate.swift */ = {isa = PBXFileReference; lastKnownFileType = sourcecode.swift; path = AppDelegate.swift; sourceTree = "<group>"; };
		5AD22E8B2DB21B9E00F28417 /* AuthStateObserver.swift */ = {isa = PBXFileReference; lastKnownFileType = sourcecode.swift; path = AuthStateObserver.swift; sourceTree = "<group>"; };
		5AD22E8D2DB21BC700F28417 /* RootView.swift */ = {isa = PBXFileReference; lastKnownFileType = sourcecode.swift; path = RootView.swift; sourceTree = "<group>"; };
		5AD22E8F2DB3579500F28417 /* MainTabView.swift */ = {isa = PBXFileReference; lastKnownFileType = sourcecode.swift; path = MainTabView.swift; sourceTree = "<group>"; };
		5AD22E912DB357C900F28417 /* SettingsView.swift */ = {isa = PBXFileReference; lastKnownFileType = sourcecode.swift; path = SettingsView.swift; sourceTree = "<group>"; };
		5AD22E992DB5E93200F28417 /* BankAccountsViewModel.swift */ = {isa = PBXFileReference; lastKnownFileType = sourcecode.swift; path = BankAccountsViewModel.swift; sourceTree = "<group>"; };
		5AD22E9B2DB5E95400F28417 /* BankAccount.swift */ = {isa = PBXFileReference; lastKnownFileType = sourcecode.swift; path = BankAccount.swift; sourceTree = "<group>"; };
		5AD22E9D2DB9F42100F28417 /* TransactionRowView.swift */ = {isa = PBXFileReference; lastKnownFileType = sourcecode.swift; path = TransactionRowView.swift; sourceTree = "<group>"; };
		5AD22E9F2DBA029300F28417 /* InsightsView.swift */ = {isa = PBXFileReference; lastKnownFileType = sourcecode.swift; path = InsightsView.swift; sourceTree = "<group>"; };
		5AD22EA12DBD54A900F28417 /* Constants.swift */ = {isa = PBXFileReference; lastKnownFileType = sourcecode.swift; path = Constants.swift; sourceTree = "<group>"; };
/* End PBXFileReference section */

/* Begin PBXFileSystemSynchronizedRootGroup section */
		5AC95E202DAF6267000B34AE /* FinanceTracker */ = {
			isa = PBXFileSystemSynchronizedRootGroup;
			path = FinanceTracker;
			sourceTree = "<group>";
		};
		5AC95E322DAF626C000B34AE /* FinanceTrackerTests */ = {
			isa = PBXFileSystemSynchronizedRootGroup;
			path = FinanceTrackerTests;
			sourceTree = "<group>";
		};
		5AC95E3C2DAF626C000B34AE /* FinanceTrackerUITests */ = {
			isa = PBXFileSystemSynchronizedRootGroup;
			path = FinanceTrackerUITests;
			sourceTree = "<group>";
		};
/* End PBXFileSystemSynchronizedRootGroup section */

/* Begin PBXFrameworksBuildPhase section */
		5AC95E1B2DAF6267000B34AE /* Frameworks */ = {
			isa = PBXFrameworksBuildPhase;
			buildActionMask = 2147483647;
			files = (
				5AC95E4E2DAF64A7000B34AE /* LinkKit in Frameworks */,
				5AD22E942DB35C1800F28417 /* FirebaseFirestore in Frameworks */,
				5AD22E982DB5DC8D00F28417 /* FirebaseFunctions in Frameworks */,
				5AD22E882DB21A4E00F28417 /* FirebaseCore in Frameworks */,
				5AD22E862DB21A4E00F28417 /* FirebaseAuth in Frameworks */,
			);
			runOnlyForDeploymentPostprocessing = 0;
		};
		5AC95E2C2DAF626C000B34AE /* Frameworks */ = {
			isa = PBXFrameworksBuildPhase;
			buildActionMask = 2147483647;
			files = (
			);
			runOnlyForDeploymentPostprocessing = 0;
		};
		5AC95E362DAF626C000B34AE /* Frameworks */ = {
			isa = PBXFrameworksBuildPhase;
			buildActionMask = 2147483647;
			files = (
			);
			runOnlyForDeploymentPostprocessing = 0;
		};
/* End PBXFrameworksBuildPhase section */

/* Begin PBXGroup section */
		5AC95E152DAF6267000B34AE = {
			isa = PBXGroup;
			children = (
				5A6AAB4D2DDEFCD300C3ADED /* DateRange.swift */,
				5AD22EA12DBD54A900F28417 /* Constants.swift */,
				5AD22E9F2DBA029300F28417 /* InsightsView.swift */,
				5AD22E9D2DB9F42100F28417 /* TransactionRowView.swift */,
				5AD22E9B2DB5E95400F28417 /* BankAccount.swift */,
				5AD22E992DB5E93200F28417 /* BankAccountsViewModel.swift */,
				5AD22E912DB357C900F28417 /* SettingsView.swift */,
				5AD22E8F2DB3579500F28417 /* MainTabView.swift */,
				5AD22E8D2DB21BC700F28417 /* RootView.swift */,
				5AD22E8B2DB21B9E00F28417 /* AuthStateObserver.swift */,
				5AD22E892DB21B7900F28417 /* AppDelegate.swift */,
				5AD22E822DB2178600F28417 /* AuthenticationView.swift */,
				5AD22E752DB215B000F28417 /* GoogleService-Info.plist */,
				5AD22E732DB212A200F28417 /* SpendingComparisonView.swift */,
				5AD22E712DB20E9A00F28417 /* SpendingChartView.swift */,
				5AD22E6F2DB0CC4700F28417 /* PlaidTransaction.swift */,
				5AC95E562DAF6F99000B34AE /* PlaidLinkView.swift */,
				5AC95E542DAF6CF1000B34AE /* LinkViewController.swift */,
				5AC95E512DAF6534000B34AE /* MockData.swift */,
				5AC95E202DAF6267000B34AE /* FinanceTracker */,
				5AC95E322DAF626C000B34AE /* FinanceTrackerTests */,
				5AC95E3C2DAF626C000B34AE /* FinanceTrackerUITests */,
				5AC95E532DAF6AE8000B34AE /* Frameworks */,
				5AC95E1F2DAF6267000B34AE /* Products */,
			);
			sourceTree = "<group>";
		};
		5AC95E1F2DAF6267000B34AE /* Products */ = {
			isa = PBXGroup;
			children = (
				5AC95E1E2DAF6267000B34AE /* FinanceTracker.app */,
				5AC95E2F2DAF626C000B34AE /* FinanceTrackerTests.xctest */,
				5AC95E392DAF626C000B34AE /* FinanceTrackerUITests.xctest */,
			);
			name = Products;
			sourceTree = "<group>";
		};
		5AC95E532DAF6AE8000B34AE /* Frameworks */ = {
			isa = PBXGroup;
			children = (
			);
			name = Frameworks;
			sourceTree = "<group>";
		};
/* End PBXGroup section */

/* Begin PBXNativeTarget section */
		5AC95E1D2DAF6267000B34AE /* FinanceTracker */ = {
			isa = PBXNativeTarget;
			buildConfigurationList = 5AC95E432DAF626C000B34AE /* Build configuration list for PBXNativeTarget "FinanceTracker" */;
			buildPhases = (
				5AC95E1A2DAF6267000B34AE /* Sources */,
				5AC95E1B2DAF6267000B34AE /* Frameworks */,
				5AC95E1C2DAF6267000B34AE /* Resources */,
			);
			buildRules = (
			);
			dependencies = (
			);
			fileSystemSynchronizedGroups = (
				5AC95E202DAF6267000B34AE /* FinanceTracker */,
			);
			name = FinanceTracker;
			packageProductDependencies = (
				5AC95E4D2DAF64A7000B34AE /* LinkKit */,
				5AD22E852DB21A4E00F28417 /* FirebaseAuth */,
				5AD22E872DB21A4E00F28417 /* FirebaseCore */,
				5AD22E932DB35C1800F28417 /* FirebaseFirestore */,
				5AD22E972DB5DC8D00F28417 /* FirebaseFunctions */,
			);
			productName = FinanceTracker;
			productReference = 5AC95E1E2DAF6267000B34AE /* FinanceTracker.app */;
			productType = "com.apple.product-type.application";
		};
		5AC95E2E2DAF626C000B34AE /* FinanceTrackerTests */ = {
			isa = PBXNativeTarget;
			buildConfigurationList = 5AC95E462DAF626C000B34AE /* Build configuration list for PBXNativeTarget "FinanceTrackerTests" */;
			buildPhases = (
				5AC95E2B2DAF626C000B34AE /* Sources */,
				5AC95E2C2DAF626C000B34AE /* Frameworks */,
				5AC95E2D2DAF626C000B34AE /* Resources */,
			);
			buildRules = (
			);
			dependencies = (
				5AC95E312DAF626C000B34AE /* PBXTargetDependency */,
			);
			fileSystemSynchronizedGroups = (
				5AC95E322DAF626C000B34AE /* FinanceTrackerTests */,
			);
			name = FinanceTrackerTests;
			packageProductDependencies = (
			);
			productName = FinanceTrackerTests;
			productReference = 5AC95E2F2DAF626C000B34AE /* FinanceTrackerTests.xctest */;
			productType = "com.apple.product-type.bundle.unit-test";
		};
		5AC95E382DAF626C000B34AE /* FinanceTrackerUITests */ = {
			isa = PBXNativeTarget;
			buildConfigurationList = 5AC95E492DAF626C000B34AE /* Build configuration list for PBXNativeTarget "FinanceTrackerUITests" */;
			buildPhases = (
				5AC95E352DAF626C000B34AE /* Sources */,
				5AC95E362DAF626C000B34AE /* Frameworks */,
				5AC95E372DAF626C000B34AE /* Resources */,
			);
			buildRules = (
			);
			dependencies = (
				5AC95E3B2DAF626C000B34AE /* PBXTargetDependency */,
			);
			fileSystemSynchronizedGroups = (
				5AC95E3C2DAF626C000B34AE /* FinanceTrackerUITests */,
			);
			name = FinanceTrackerUITests;
			packageProductDependencies = (
			);
			productName = FinanceTrackerUITests;
			productReference = 5AC95E392DAF626C000B34AE /* FinanceTrackerUITests.xctest */;
			productType = "com.apple.product-type.bundle.ui-testing";
		};
/* End PBXNativeTarget section */

/* Begin PBXProject section */
		5AC95E162DAF6267000B34AE /* Project object */ = {
			isa = PBXProject;
			attributes = {
				BuildIndependentTargetsInParallel = 1;
				LastSwiftUpdateCheck = 1620;
				LastUpgradeCheck = 1630;
				TargetAttributes = {
					5AC95E1D2DAF6267000B34AE = {
						CreatedOnToolsVersion = 16.2;
					};
					5AC95E2E2DAF626C000B34AE = {
						CreatedOnToolsVersion = 16.2;
						TestTargetID = 5AC95E1D2DAF6267000B34AE;
					};
					5AC95E382DAF626C000B34AE = {
						CreatedOnToolsVersion = 16.2;
						TestTargetID = 5AC95E1D2DAF6267000B34AE;
					};
				};
			};
			buildConfigurationList = 5AC95E192DAF6267000B34AE /* Build configuration list for PBXProject "FinanceTracker" */;
			developmentRegion = en;
			hasScannedForEncodings = 0;
			knownRegions = (
				en,
				Base,
			);
			mainGroup = 5AC95E152DAF6267000B34AE;
			minimizedProjectReferenceProxies = 1;
			packageReferences = (
				5AC95E4C2DAF64A7000B34AE /* XCRemoteSwiftPackageReference "plaid-link-ios-spm" */,
				5AD22E842DB21A4E00F28417 /* XCRemoteSwiftPackageReference "firebase-ios-sdk" */,
			);
			preferredProjectObjectVersion = 77;
			productRefGroup = 5AC95E1F2DAF6267000B34AE /* Products */;
			projectDirPath = "";
			projectRoot = "";
			targets = (
				5AC95E1D2DAF6267000B34AE /* FinanceTracker */,
				5AC95E2E2DAF626C000B34AE /* FinanceTrackerTests */,
				5AC95E382DAF626C000B34AE /* FinanceTrackerUITests */,
			);
		};
/* End PBXProject section */

/* Begin PBXResourcesBuildPhase section */
		5AC95E1C2DAF6267000B34AE /* Resources */ = {
			isa = PBXResourcesBuildPhase;
			buildActionMask = 2147483647;
			files = (
				5AD22E762DB215B000F28417 /* GoogleService-Info.plist in Resources */,
			);
			runOnlyForDeploymentPostprocessing = 0;
		};
		5AC95E2D2DAF626C000B34AE /* Resources */ = {
			isa = PBXResourcesBuildPhase;
			buildActionMask = 2147483647;
			files = (
			);
			runOnlyForDeploymentPostprocessing = 0;
		};
		5AC95E372DAF626C000B34AE /* Resources */ = {
			isa = PBXResourcesBuildPhase;
			buildActionMask = 2147483647;
			files = (
			);
			runOnlyForDeploymentPostprocessing = 0;
		};
/* End PBXResourcesBuildPhase section */

/* Begin PBXSourcesBuildPhase section */
		5AC95E1A2DAF6267000B34AE /* Sources */ = {
			isa = PBXSourcesBuildPhase;
			buildActionMask = 2147483647;
			files = (
				5AC95E522DAF6539000B34AE /* MockData.swift in Sources */,
				5AD22EA22DBD54B200F28417 /* Constants.swift in Sources */,
				5AD22E9E2DB9F42C00F28417 /* TransactionRowView.swift in Sources */,
				5AD22E722DB20EAA00F28417 /* SpendingChartView.swift in Sources */,
				5AD22E8C2DB21BAD00F28417 /* AuthStateObserver.swift in Sources */,
				5AD22E9C2DB5E95B00F28417 /* BankAccount.swift in Sources */,
				5AD22E702DB0CC4A00F28417 /* PlaidTransaction.swift in Sources */,
				5AD22E832DB2178F00F28417 /* AuthenticationView.swift in Sources */,
				5AD22E922DB357CF00F28417 /* SettingsView.swift in Sources */,
				5A6AAB4E2DDEFCDB00C3ADED /* DateRange.swift in Sources */,
				5AD22E902DB3579B00F28417 /* MainTabView.swift in Sources */,
				5AD22E742DB212AE00F28417 /* SpendingComparisonView.swift in Sources */,
				5AD22E9A2DB5E94E00F28417 /* BankAccountsViewModel.swift in Sources */,
				5AD22E8E2DB21BCB00F28417 /* RootView.swift in Sources */,
				5AC95E552DAF6CF4000B34AE /* LinkViewController.swift in Sources */,
				5AD22EA02DBA029800F28417 /* InsightsView.swift in Sources */,
				5AD22E8A2DB21B8000F28417 /* AppDelegate.swift in Sources */,
				5AC95E572DAF6F9B000B34AE /* PlaidLinkView.swift in Sources */,
			);
			runOnlyForDeploymentPostprocessing = 0;
		};
		5AC95E2B2DAF626C000B34AE /* Sources */ = {
			isa = PBXSourcesBuildPhase;
			buildActionMask = 2147483647;
			files = (
			);
			runOnlyForDeploymentPostprocessing = 0;
		};
		5AC95E352DAF626C000B34AE /* Sources */ = {
			isa = PBXSourcesBuildPhase;
			buildActionMask = 2147483647;
			files = (
			);
			runOnlyForDeploymentPostprocessing = 0;
		};
/* End PBXSourcesBuildPhase section */

/* Begin PBXTargetDependency section */
		5AC95E312DAF626C000B34AE /* PBXTargetDependency */ = {
			isa = PBXTargetDependency;
			target = 5AC95E1D2DAF6267000B34AE /* FinanceTracker */;
			targetProxy = 5AC95E302DAF626C000B34AE /* PBXContainerItemProxy */;
		};
		5AC95E3B2DAF626C000B34AE /* PBXTargetDependency */ = {
			isa = PBXTargetDependency;
			target = 5AC95E1D2DAF6267000B34AE /* FinanceTracker */;
			targetProxy = 5AC95E3A2DAF626C000B34AE /* PBXContainerItemProxy */;
		};
/* End PBXTargetDependency section */

/* Begin XCBuildConfiguration section */
		5AC95E412DAF626C000B34AE /* Debug */ = {
			isa = XCBuildConfiguration;
			buildSettings = {
				ALWAYS_SEARCH_USER_PATHS = NO;
				ASSETCATALOG_COMPILER_GENERATE_SWIFT_ASSET_SYMBOL_EXTENSIONS = YES;
				CLANG_ANALYZER_NONNULL = YES;
				CLANG_ANALYZER_NUMBER_OBJECT_CONVERSION = YES_AGGRESSIVE;
				CLANG_CXX_LANGUAGE_STANDARD = "gnu++20";
				CLANG_ENABLE_MODULES = YES;
				CLANG_ENABLE_OBJC_ARC = YES;
				CLANG_ENABLE_OBJC_WEAK = YES;
				CLANG_WARN_BLOCK_CAPTURE_AUTORELEASING = YES;
				CLANG_WARN_BOOL_CONVERSION = YES;
				CLANG_WARN_COMMA = YES;
				CLANG_WARN_CONSTANT_CONVERSION = YES;
				CLANG_WARN_DEPRECATED_OBJC_IMPLEMENTATIONS = YES;
				CLANG_WARN_DIRECT_OBJC_ISA_USAGE = YES_ERROR;
				CLANG_WARN_DOCUMENTATION_COMMENTS = YES;
				CLANG_WARN_EMPTY_BODY = YES;
				CLANG_WARN_ENUM_CONVERSION = YES;
				CLANG_WARN_INFINITE_RECURSION = YES;
				CLANG_WARN_INT_CONVERSION = YES;
				CLANG_WARN_NON_LITERAL_NULL_CONVERSION = YES;
				CLANG_WARN_OBJC_IMPLICIT_RETAIN_SELF = YES;
				CLANG_WARN_OBJC_LITERAL_CONVERSION = YES;
				CLANG_WARN_OBJC_ROOT_CLASS = YES_ERROR;
				CLANG_WARN_QUOTED_INCLUDE_IN_FRAMEWORK_HEADER = YES;
				CLANG_WARN_RANGE_LOOP_ANALYSIS = YES;
				CLANG_WARN_STRICT_PROTOTYPES = YES;
				CLANG_WARN_SUSPICIOUS_MOVE = YES;
				CLANG_WARN_UNGUARDED_AVAILABILITY = YES_AGGRESSIVE;
				CLANG_WARN_UNREACHABLE_CODE = YES;
				CLANG_WARN__DUPLICATE_METHOD_MATCH = YES;
				COPY_PHASE_STRIP = NO;
				DEAD_CODE_STRIPPING = YES;
				DEBUG_INFORMATION_FORMAT = dwarf;
				DEVELOPMENT_TEAM = M329ZYLKDY;
				ENABLE_STRICT_OBJC_MSGSEND = YES;
				ENABLE_TESTABILITY = YES;
				ENABLE_USER_SCRIPT_SANDBOXING = YES;
				GCC_C_LANGUAGE_STANDARD = gnu17;
				GCC_DYNAMIC_NO_PIC = NO;
				GCC_NO_COMMON_BLOCKS = YES;
				GCC_OPTIMIZATION_LEVEL = 0;
				GCC_PREPROCESSOR_DEFINITIONS = (
					"DEBUG=1",
					"$(inherited)",
				);
				GCC_WARN_64_TO_32_BIT_CONVERSION = YES;
				GCC_WARN_ABOUT_RETURN_TYPE = YES_ERROR;
				GCC_WARN_UNDECLARED_SELECTOR = YES;
				GCC_WARN_UNINITIALIZED_AUTOS = YES_AGGRESSIVE;
				GCC_WARN_UNUSED_FUNCTION = YES;
				GCC_WARN_UNUSED_VARIABLE = YES;
				LOCALIZATION_PREFERS_STRING_CATALOGS = YES;
				MTL_ENABLE_DEBUG_INFO = INCLUDE_SOURCE;
				MTL_FAST_MATH = YES;
				ONLY_ACTIVE_ARCH = YES;
				SWIFT_ACTIVE_COMPILATION_CONDITIONS = "DEBUG $(inherited)";
				SWIFT_OPTIMIZATION_LEVEL = "-Onone";
			};
			name = Debug;
		};
		5AC95E422DAF626C000B34AE /* Release */ = {
			isa = XCBuildConfiguration;
			buildSettings = {
				ALWAYS_SEARCH_USER_PATHS = NO;
				ASSETCATALOG_COMPILER_GENERATE_SWIFT_ASSET_SYMBOL_EXTENSIONS = YES;
				CLANG_ANALYZER_NONNULL = YES;
				CLANG_ANALYZER_NUMBER_OBJECT_CONVERSION = YES_AGGRESSIVE;
				CLANG_CXX_LANGUAGE_STANDARD = "gnu++20";
				CLANG_ENABLE_MODULES = YES;
				CLANG_ENABLE_OBJC_ARC = YES;
				CLANG_ENABLE_OBJC_WEAK = YES;
				CLANG_WARN_BLOCK_CAPTURE_AUTORELEASING = YES;
				CLANG_WARN_BOOL_CONVERSION = YES;
				CLANG_WARN_COMMA = YES;
				CLANG_WARN_CONSTANT_CONVERSION = YES;
				CLANG_WARN_DEPRECATED_OBJC_IMPLEMENTATIONS = YES;
				CLANG_WARN_DIRECT_OBJC_ISA_USAGE = YES_ERROR;
				CLANG_WARN_DOCUMENTATION_COMMENTS = YES;
				CLANG_WARN_EMPTY_BODY = YES;
				CLANG_WARN_ENUM_CONVERSION = YES;
				CLANG_WARN_INFINITE_RECURSION = YES;
				CLANG_WARN_INT_CONVERSION = YES;
				CLANG_WARN_NON_LITERAL_NULL_CONVERSION = YES;
				CLANG_WARN_OBJC_IMPLICIT_RETAIN_SELF = YES;
				CLANG_WARN_OBJC_LITERAL_CONVERSION = YES;
				CLANG_WARN_OBJC_ROOT_CLASS = YES_ERROR;
				CLANG_WARN_QUOTED_INCLUDE_IN_FRAMEWORK_HEADER = YES;
				CLANG_WARN_RANGE_LOOP_ANALYSIS = YES;
				CLANG_WARN_STRICT_PROTOTYPES = YES;
				CLANG_WARN_SUSPICIOUS_MOVE = YES;
				CLANG_WARN_UNGUARDED_AVAILABILITY = YES_AGGRESSIVE;
				CLANG_WARN_UNREACHABLE_CODE = YES;
				CLANG_WARN__DUPLICATE_METHOD_MATCH = YES;
				COPY_PHASE_STRIP = NO;
				DEAD_CODE_STRIPPING = YES;
				DEBUG_INFORMATION_FORMAT = "dwarf-with-dsym";
				DEVELOPMENT_TEAM = M329ZYLKDY;
				ENABLE_NS_ASSERTIONS = NO;
				ENABLE_STRICT_OBJC_MSGSEND = YES;
				ENABLE_USER_SCRIPT_SANDBOXING = YES;
				GCC_C_LANGUAGE_STANDARD = gnu17;
				GCC_NO_COMMON_BLOCKS = YES;
				GCC_WARN_64_TO_32_BIT_CONVERSION = YES;
				GCC_WARN_ABOUT_RETURN_TYPE = YES_ERROR;
				GCC_WARN_UNDECLARED_SELECTOR = YES;
				GCC_WARN_UNINITIALIZED_AUTOS = YES_AGGRESSIVE;
				GCC_WARN_UNUSED_FUNCTION = YES;
				GCC_WARN_UNUSED_VARIABLE = YES;
				LOCALIZATION_PREFERS_STRING_CATALOGS = YES;
				MTL_ENABLE_DEBUG_INFO = NO;
				MTL_FAST_MATH = YES;
				SWIFT_COMPILATION_MODE = wholemodule;
			};
			name = Release;
		};
		5AC95E442DAF626C000B34AE /* Debug */ = {
			isa = XCBuildConfiguration;
			buildSettings = {
				ASSETCATALOG_COMPILER_APPICON_NAME = AppIcon;
				ASSETCATALOG_COMPILER_GLOBAL_ACCENT_COLOR_NAME = AccentColor;
				CODE_SIGN_ENTITLEMENTS = FinanceTracker/FinanceTracker.entitlements;
				CODE_SIGN_STYLE = Automatic;
				CURRENT_PROJECT_VERSION = 1;
				DEAD_CODE_STRIPPING = YES;
				DEVELOPMENT_ASSET_PATHS = "\"FinanceTracker/Preview Content\"";
				ENABLE_HARDENED_RUNTIME = YES;
				ENABLE_PREVIEWS = YES;
				GENERATE_INFOPLIST_FILE = YES;
				"INFOPLIST_KEY_UIApplicationSceneManifest_Generation[sdk=iphoneos*]" = YES;
				"INFOPLIST_KEY_UIApplicationSceneManifest_Generation[sdk=iphonesimulator*]" = YES;
				"INFOPLIST_KEY_UIApplicationSupportsIndirectInputEvents[sdk=iphoneos*]" = YES;
				"INFOPLIST_KEY_UIApplicationSupportsIndirectInputEvents[sdk=iphonesimulator*]" = YES;
				"INFOPLIST_KEY_UILaunchScreen_Generation[sdk=iphoneos*]" = YES;
				"INFOPLIST_KEY_UILaunchScreen_Generation[sdk=iphonesimulator*]" = YES;
				"INFOPLIST_KEY_UIStatusBarStyle[sdk=iphoneos*]" = UIStatusBarStyleDefault;
				"INFOPLIST_KEY_UIStatusBarStyle[sdk=iphonesimulator*]" = UIStatusBarStyleDefault;
				INFOPLIST_KEY_UISupportedInterfaceOrientations_iPad = "UIInterfaceOrientationPortrait UIInterfaceOrientationPortraitUpsideDown UIInterfaceOrientationLandscapeLeft UIInterfaceOrientationLandscapeRight";
				INFOPLIST_KEY_UISupportedInterfaceOrientations_iPhone = "UIInterfaceOrientationPortrait UIInterfaceOrientationLandscapeLeft UIInterfaceOrientationLandscapeRight";
				IPHONEOS_DEPLOYMENT_TARGET = 18.2;
				LD_RUNPATH_SEARCH_PATHS = "@executable_path/Frameworks";
				"LD_RUNPATH_SEARCH_PATHS[sdk=macosx*]" = "@executable_path/../Frameworks";
				MACOSX_DEPLOYMENT_TARGET = 14.5;
				MARKETING_VERSION = 1.0;
				PRODUCT_BUNDLE_IDENTIFIER = com.Mohamad.FinanceTracker.FinanceTracker;
				PRODUCT_NAME = "$(TARGET_NAME)";
				SDKROOT = auto;
				SUPPORTED_PLATFORMS = "iphoneos iphonesimulator";
				SUPPORTS_MACCATALYST = NO;
				SWIFT_EMIT_LOC_STRINGS = YES;
				SWIFT_VERSION = 5.0;
				TARGETED_DEVICE_FAMILY = 1;
				XROS_DEPLOYMENT_TARGET = 2.2;
			};
			name = Debug;
		};
		5AC95E452DAF626C000B34AE /* Release */ = {
			isa = XCBuildConfiguration;
			buildSettings = {
				ASSETCATALOG_COMPILER_APPICON_NAME = AppIcon;
				ASSETCATALOG_COMPILER_GLOBAL_ACCENT_COLOR_NAME = AccentColor;
				CODE_SIGN_ENTITLEMENTS = FinanceTracker/FinanceTracker.entitlements;
				CODE_SIGN_STYLE = Automatic;
				CURRENT_PROJECT_VERSION = 1;
				DEAD_CODE_STRIPPING = YES;
				DEVELOPMENT_ASSET_PATHS = "\"FinanceTracker/Preview Content\"";
				ENABLE_HARDENED_RUNTIME = YES;
				ENABLE_PREVIEWS = YES;
				GENERATE_INFOPLIST_FILE = YES;
				"INFOPLIST_KEY_UIApplicationSceneManifest_Generation[sdk=iphoneos*]" = YES;
				"INFOPLIST_KEY_UIApplicationSceneManifest_Generation[sdk=iphonesimulator*]" = YES;
				"INFOPLIST_KEY_UIApplicationSupportsIndirectInputEvents[sdk=iphoneos*]" = YES;
				"INFOPLIST_KEY_UIApplicationSupportsIndirectInputEvents[sdk=iphonesimulator*]" = YES;
				"INFOPLIST_KEY_UILaunchScreen_Generation[sdk=iphoneos*]" = YES;
				"INFOPLIST_KEY_UILaunchScreen_Generation[sdk=iphonesimulator*]" = YES;
				"INFOPLIST_KEY_UIStatusBarStyle[sdk=iphoneos*]" = UIStatusBarStyleDefault;
				"INFOPLIST_KEY_UIStatusBarStyle[sdk=iphonesimulator*]" = UIStatusBarStyleDefault;
				INFOPLIST_KEY_UISupportedInterfaceOrientations_iPad = "UIInterfaceOrientationPortrait UIInterfaceOrientationPortraitUpsideDown UIInterfaceOrientationLandscapeLeft UIInterfaceOrientationLandscapeRight";
				INFOPLIST_KEY_UISupportedInterfaceOrientations_iPhone = "UIInterfaceOrientationPortrait UIInterfaceOrientationLandscapeLeft UIInterfaceOrientationLandscapeRight";
				IPHONEOS_DEPLOYMENT_TARGET = 18.2;
				LD_RUNPATH_SEARCH_PATHS = "@executable_path/Frameworks";
				"LD_RUNPATH_SEARCH_PATHS[sdk=macosx*]" = "@executable_path/../Frameworks";
				MACOSX_DEPLOYMENT_TARGET = 14.5;
				MARKETING_VERSION = 1.0;
				PRODUCT_BUNDLE_IDENTIFIER = com.Mohamad.FinanceTracker.FinanceTracker;
				PRODUCT_NAME = "$(TARGET_NAME)";
				SDKROOT = auto;
				SUPPORTED_PLATFORMS = "iphoneos iphonesimulator";
				SUPPORTS_MACCATALYST = NO;
				SWIFT_EMIT_LOC_STRINGS = YES;
				SWIFT_VERSION = 5.0;
				TARGETED_DEVICE_FAMILY = 1;
				XROS_DEPLOYMENT_TARGET = 2.2;
			};
			name = Release;
		};
		5AC95E472DAF626C000B34AE /* Debug */ = {
			isa = XCBuildConfiguration;
			buildSettings = {
				BUNDLE_LOADER = "$(TEST_HOST)";
				CODE_SIGN_STYLE = Automatic;
				CURRENT_PROJECT_VERSION = 1;
				DEAD_CODE_STRIPPING = YES;
				GENERATE_INFOPLIST_FILE = YES;
				IPHONEOS_DEPLOYMENT_TARGET = 18.2;
				MACOSX_DEPLOYMENT_TARGET = 14.5;
				MARKETING_VERSION = 1.0;
				PRODUCT_BUNDLE_IDENTIFIER = com.Mohamad.FinanceTracker.FinanceTrackerTests;
				PRODUCT_NAME = "$(TARGET_NAME)";
				SDKROOT = auto;
				SUPPORTED_PLATFORMS = "iphoneos iphonesimulator";
				SUPPORTS_MACCATALYST = NO;
				SWIFT_EMIT_LOC_STRINGS = NO;
				SWIFT_VERSION = 5.0;
				TARGETED_DEVICE_FAMILY = 1;
				TEST_HOST = "$(BUILT_PRODUCTS_DIR)/FinanceTracker.app/$(BUNDLE_EXECUTABLE_FOLDER_PATH)/FinanceTracker";
				XROS_DEPLOYMENT_TARGET = 2.2;
			};
			name = Debug;
		};
		5AC95E482DAF626C000B34AE /* Release */ = {
			isa = XCBuildConfiguration;
			buildSettings = {
				BUNDLE_LOADER = "$(TEST_HOST)";
				CODE_SIGN_STYLE = Automatic;
				CURRENT_PROJECT_VERSION = 1;
				DEAD_CODE_STRIPPING = YES;
				GENERATE_INFOPLIST_FILE = YES;
				IPHONEOS_DEPLOYMENT_TARGET = 18.2;
				MACOSX_DEPLOYMENT_TARGET = 14.5;
				MARKETING_VERSION = 1.0;
				PRODUCT_BUNDLE_IDENTIFIER = com.Mohamad.FinanceTracker.FinanceTrackerTests;
				PRODUCT_NAME = "$(TARGET_NAME)";
				SDKROOT = auto;
				SUPPORTED_PLATFORMS = "iphoneos iphonesimulator";
				SUPPORTS_MACCATALYST = NO;
				SWIFT_EMIT_LOC_STRINGS = NO;
				SWIFT_VERSION = 5.0;
				TARGETED_DEVICE_FAMILY = 1;
				TEST_HOST = "$(BUILT_PRODUCTS_DIR)/FinanceTracker.app/$(BUNDLE_EXECUTABLE_FOLDER_PATH)/FinanceTracker";
				XROS_DEPLOYMENT_TARGET = 2.2;
			};
			name = Release;
		};
		5AC95E4A2DAF626C000B34AE /* Debug */ = {
			isa = XCBuildConfiguration;
			buildSettings = {
				CODE_SIGN_STYLE = Automatic;
				CURRENT_PROJECT_VERSION = 1;
				DEAD_CODE_STRIPPING = YES;
				GENERATE_INFOPLIST_FILE = YES;
				IPHONEOS_DEPLOYMENT_TARGET = 18.2;
				MACOSX_DEPLOYMENT_TARGET = 14.5;
				MARKETING_VERSION = 1.0;
				PRODUCT_BUNDLE_IDENTIFIER = com.Mohamad.FinanceTracker.FinanceTrackerUITests;
				PRODUCT_NAME = "$(TARGET_NAME)";
				SDKROOT = auto;
				SUPPORTED_PLATFORMS = "iphoneos iphonesimulator";
				SUPPORTS_MACCATALYST = NO;
				SWIFT_EMIT_LOC_STRINGS = NO;
				SWIFT_VERSION = 5.0;
				TARGETED_DEVICE_FAMILY = 1;
				TEST_TARGET_NAME = FinanceTracker;
				XROS_DEPLOYMENT_TARGET = 2.2;
			};
			name = Debug;
		};
		5AC95E4B2DAF626C000B34AE /* Release */ = {
			isa = XCBuildConfiguration;
			buildSettings = {
				CODE_SIGN_STYLE = Automatic;
				CURRENT_PROJECT_VERSION = 1;
				DEAD_CODE_STRIPPING = YES;
				GENERATE_INFOPLIST_FILE = YES;
				IPHONEOS_DEPLOYMENT_TARGET = 18.2;
				MACOSX_DEPLOYMENT_TARGET = 14.5;
				MARKETING_VERSION = 1.0;
				PRODUCT_BUNDLE_IDENTIFIER = com.Mohamad.FinanceTracker.FinanceTrackerUITests;
				PRODUCT_NAME = "$(TARGET_NAME)";
				SDKROOT = auto;
				SUPPORTED_PLATFORMS = "iphoneos iphonesimulator";
				SUPPORTS_MACCATALYST = NO;
				SWIFT_EMIT_LOC_STRINGS = NO;
				SWIFT_VERSION = 5.0;
				TARGETED_DEVICE_FAMILY = 1;
				TEST_TARGET_NAME = FinanceTracker;
				XROS_DEPLOYMENT_TARGET = 2.2;
			};
			name = Release;
		};
/* End XCBuildConfiguration section */

/* Begin XCConfigurationList section */
		5AC95E192DAF6267000B34AE /* Build configuration list for PBXProject "FinanceTracker" */ = {
			isa = XCConfigurationList;
			buildConfigurations = (
				5AC95E412DAF626C000B34AE /* Debug */,
				5AC95E422DAF626C000B34AE /* Release */,
			);
			defaultConfigurationIsVisible = 0;
			defaultConfigurationName = Release;
		};
		5AC95E432DAF626C000B34AE /* Build configuration list for PBXNativeTarget "FinanceTracker" */ = {
			isa = XCConfigurationList;
			buildConfigurations = (
				5AC95E442DAF626C000B34AE /* Debug */,
				5AC95E452DAF626C000B34AE /* Release */,
			);
			defaultConfigurationIsVisible = 0;
			defaultConfigurationName = Release;
		};
		5AC95E462DAF626C000B34AE /* Build configuration list for PBXNativeTarget "FinanceTrackerTests" */ = {
			isa = XCConfigurationList;
			buildConfigurations = (
				5AC95E472DAF626C000B34AE /* Debug */,
				5AC95E482DAF626C000B34AE /* Release */,
			);
			defaultConfigurationIsVisible = 0;
			defaultConfigurationName = Release;
		};
		5AC95E492DAF626C000B34AE /* Build configuration list for PBXNativeTarget "FinanceTrackerUITests" */ = {
			isa = XCConfigurationList;
			buildConfigurations = (
				5AC95E4A2DAF626C000B34AE /* Debug */,
				5AC95E4B2DAF626C000B34AE /* Release */,
			);
			defaultConfigurationIsVisible = 0;
			defaultConfigurationName = Release;
		};
/* End XCConfigurationList section */

/* Begin XCRemoteSwiftPackageReference section */
		5AC95E4C2DAF64A7000B34AE /* XCRemoteSwiftPackageReference "plaid-link-ios-spm" */ = {
			isa = XCRemoteSwiftPackageReference;
			repositoryURL = "https://github.com/plaid/plaid-link-ios-spm.git";
			requirement = {
				kind = upToNextMajorVersion;
				minimumVersion = 6.1.0;
			};
		};
		5AD22E842DB21A4E00F28417 /* XCRemoteSwiftPackageReference "firebase-ios-sdk" */ = {
			isa = XCRemoteSwiftPackageReference;
			repositoryURL = "https://github.com/firebase/firebase-ios-sdk";
			requirement = {
				kind = upToNextMajorVersion;
				minimumVersion = 11.11.0;
			};
		};
/* End XCRemoteSwiftPackageReference section */

/* Begin XCSwiftPackageProductDependency section */
		5AC95E4D2DAF64A7000B34AE /* LinkKit */ = {
			isa = XCSwiftPackageProductDependency;
			package = 5AC95E4C2DAF64A7000B34AE /* XCRemoteSwiftPackageReference "plaid-link-ios-spm" */;
			productName = LinkKit;
		};
		5AD22E852DB21A4E00F28417 /* FirebaseAuth */ = {
			isa = XCSwiftPackageProductDependency;
			package = 5AD22E842DB21A4E00F28417 /* XCRemoteSwiftPackageReference "firebase-ios-sdk" */;
			productName = FirebaseAuth;
		};
		5AD22E872DB21A4E00F28417 /* FirebaseCore */ = {
			isa = XCSwiftPackageProductDependency;
			package = 5AD22E842DB21A4E00F28417 /* XCRemoteSwiftPackageReference "firebase-ios-sdk" */;
			productName = FirebaseCore;
		};
		5AD22E932DB35C1800F28417 /* FirebaseFirestore */ = {
			isa = XCSwiftPackageProductDependency;
			package = 5AD22E842DB21A4E00F28417 /* XCRemoteSwiftPackageReference "firebase-ios-sdk" */;
			productName = FirebaseFirestore;
		};
		5AD22E972DB5DC8D00F28417 /* FirebaseFunctions */ = {
			isa = XCSwiftPackageProductDependency;
			package = 5AD22E842DB21A4E00F28417 /* XCRemoteSwiftPackageReference "firebase-ios-sdk" */;
			productName = FirebaseFunctions;
		};
/* End XCSwiftPackageProductDependency section */
	};
	rootObject = 5AC95E162DAF6267000B34AE /* Project object */;
}
